// !$*UTF8*$!
{
	archiveVersion = 1;
	classes = {
	};
	objectVersion = 48;
	objects = {

/* Begin PBXBuildFile section */
		2F3A49491F0F4929007592E4 /* main.swift in Sources */ = {isa = PBXBuildFile; fileRef = 2F3A49481F0F4929007592E4 /* main.swift */; };
		2F3A49501F0F4940007592E4 /* Kernels.metal in Sources */ = {isa = PBXBuildFile; fileRef = 2F3A494F1F0F4940007592E4 /* Kernels.metal */; };
		2FB1CD581F20F7110016D899 /* MetalDiffer.swift in Sources */ = {isa = PBXBuildFile; fileRef = 2FB1CD571F20F7110016D899 /* MetalDiffer.swift */; };
		2FB1CD5A1F20F75C0016D899 /* Differ.swift in Sources */ = {isa = PBXBuildFile; fileRef = 2FB1CD591F20F75C0016D899 /* Differ.swift */; };
		2FB1CD5C1F20F9E20016D899 /* SoftwareDiffer.swift in Sources */ = {isa = PBXBuildFile; fileRef = 2FB1CD5B1F20F9E20016D899 /* SoftwareDiffer.swift */; };
		2FB1CD5E1F20FA960016D899 /* Utils.swift in Sources */ = {isa = PBXBuildFile; fileRef = 2FB1CD5D1F20FA960016D899 /* Utils.swift */; };
		2FB1CD601F20FB590016D899 /* CoreImageDiffer.swift in Sources */ = {isa = PBXBuildFile; fileRef = 2FB1CD5F1F20FB590016D899 /* CoreImageDiffer.swift */; };
		2FE4D9211F22C90F003037B9 /* CoreImageKernels.metal in Sources */ = {isa = PBXBuildFile; fileRef = 2FE4D9201F22C90F003037B9 /* CoreImageKernels.metal */; };
/* End PBXBuildFile section */

/* Begin PBXCopyFilesBuildPhase section */
		2F3A49431F0F4929007592E4 /* CopyFiles */ = {
			isa = PBXCopyFilesBuildPhase;
			buildActionMask = 2147483647;
			dstPath = /usr/share/man/man1/;
			dstSubfolderSpec = 0;
			files = (
			);
			runOnlyForDeploymentPostprocessing = 1;
		};
/* End PBXCopyFilesBuildPhase section */

/* Begin PBXFileReference section */
		2F3A49451F0F4929007592E4 /* ImageDiff */ = {isa = PBXFileReference; explicitFileType = "compiled.mach-o.executable"; includeInIndex = 0; path = ImageDiff; sourceTree = BUILT_PRODUCTS_DIR; };
		2F3A49481F0F4929007592E4 /* main.swift */ = {isa = PBXFileReference; lastKnownFileType = sourcecode.swift; path = main.swift; sourceTree = "<group>"; };
		2F3A494F1F0F4940007592E4 /* Kernels.metal */ = {isa = PBXFileReference; lastKnownFileType = sourcecode.metal; path = Kernels.metal; sourceTree = "<group>"; };
		2F3A49521F0F4AC0007592E4 /* Metal.framework */ = {isa = PBXFileReference; lastKnownFileType = wrapper.framework; name = Metal.framework; path = System/Library/Frameworks/Metal.framework; sourceTree = SDKROOT; };
		2F3A49531F0F4AC0007592E4 /* MetalKit.framework */ = {isa = PBXFileReference; lastKnownFileType = wrapper.framework; name = MetalKit.framework; path = System/Library/Frameworks/MetalKit.framework; sourceTree = SDKROOT; };
		2FB1CD571F20F7110016D899 /* MetalDiffer.swift */ = {isa = PBXFileReference; lastKnownFileType = sourcecode.swift; path = MetalDiffer.swift; sourceTree = "<group>"; };
		2FB1CD591F20F75C0016D899 /* Differ.swift */ = {isa = PBXFileReference; lastKnownFileType = sourcecode.swift; path = Differ.swift; sourceTree = "<group>"; };
		2FB1CD5B1F20F9E20016D899 /* SoftwareDiffer.swift */ = {isa = PBXFileReference; lastKnownFileType = sourcecode.swift; path = SoftwareDiffer.swift; sourceTree = "<group>"; };
		2FB1CD5D1F20FA960016D899 /* Utils.swift */ = {isa = PBXFileReference; lastKnownFileType = sourcecode.swift; path = Utils.swift; sourceTree = "<group>"; };
		2FB1CD5F1F20FB590016D899 /* CoreImageDiffer.swift */ = {isa = PBXFileReference; lastKnownFileType = sourcecode.swift; path = CoreImageDiffer.swift; sourceTree = "<group>"; };
		2FB1CD611F2114590016D899 /* CoreImage.framework */ = {isa = PBXFileReference; lastKnownFileType = wrapper.framework; name = CoreImage.framework; path = System/Library/Frameworks/CoreImage.framework; sourceTree = SDKROOT; };
		2FE4D9201F22C90F003037B9 /* CoreImageKernels.metal */ = {isa = PBXFileReference; lastKnownFileType = sourcecode.metal; path = CoreImageKernels.metal; sourceTree = "<group>"; };
/* End PBXFileReference section */

/* Begin PBXFrameworksBuildPhase section */
		2F3A49421F0F4929007592E4 /* Frameworks */ = {
			isa = PBXFrameworksBuildPhase;
			buildActionMask = 2147483647;
			files = (
			);
			runOnlyForDeploymentPostprocessing = 0;
		};
/* End PBXFrameworksBuildPhase section */

/* Begin PBXGroup section */
		2F3A493C1F0F4929007592E4 = {
			isa = PBXGroup;
			children = (
				2F3A49471F0F4929007592E4 /* ImageDiff */,
				2F3A49461F0F4929007592E4 /* Products */,
				2F3A49511F0F4AC0007592E4 /* Frameworks */,
			);
			sourceTree = "<group>";
		};
		2F3A49461F0F4929007592E4 /* Products */ = {
			isa = PBXGroup;
			children = (
				2F3A49451F0F4929007592E4 /* ImageDiff */,
			);
			name = Products;
			sourceTree = "<group>";
		};
		2F3A49471F0F4929007592E4 /* ImageDiff */ = {
			isa = PBXGroup;
			children = (
				2F3A49481F0F4929007592E4 /* main.swift */,
				2F3A494F1F0F4940007592E4 /* Kernels.metal */,
				2FB1CD571F20F7110016D899 /* MetalDiffer.swift */,
				2FB1CD591F20F75C0016D899 /* Differ.swift */,
				2FB1CD5B1F20F9E20016D899 /* SoftwareDiffer.swift */,
				2FB1CD5D1F20FA960016D899 /* Utils.swift */,
				2FB1CD5F1F20FB590016D899 /* CoreImageDiffer.swift */,
				2FE4D9201F22C90F003037B9 /* CoreImageKernels.metal */,
			);
			path = ImageDiff;
			sourceTree = "<group>";
		};
		2F3A49511F0F4AC0007592E4 /* Frameworks */ = {
			isa = PBXGroup;
			children = (
				2FB1CD611F2114590016D899 /* CoreImage.framework */,
				2F3A49521F0F4AC0007592E4 /* Metal.framework */,
				2F3A49531F0F4AC0007592E4 /* MetalKit.framework */,
			);
			name = Frameworks;
			sourceTree = "<group>";
		};
/* End PBXGroup section */

/* Begin PBXNativeTarget section */
		2F3A49441F0F4929007592E4 /* ImageDiff */ = {
			isa = PBXNativeTarget;
			buildConfigurationList = 2F3A494C1F0F4929007592E4 /* Build configuration list for PBXNativeTarget "ImageDiff" */;
			buildPhases = (
				2F3A49411F0F4929007592E4 /* Sources */,
				2F3A49421F0F4929007592E4 /* Frameworks */,
				2F3A49431F0F4929007592E4 /* CopyFiles */,
			);
			buildRules = (
			);
			dependencies = (
			);
			name = ImageDiff;
			productName = ImageDiff;
			productReference = 2F3A49451F0F4929007592E4 /* ImageDiff */;
			productType = "com.apple.product-type.tool";
		};
/* End PBXNativeTarget section */

/* Begin PBXProject section */
		2F3A493D1F0F4929007592E4 /* Project object */ = {
			isa = PBXProject;
			attributes = {
				LastSwiftUpdateCheck = 0900;
				LastUpgradeCheck = 0900;
				ORGANIZATIONNAME = "Tyler Hoeflicker";
				TargetAttributes = {
					2F3A49441F0F4929007592E4 = {
						CreatedOnToolsVersion = 9.0;
					};
				};
			};
			buildConfigurationList = 2F3A49401F0F4929007592E4 /* Build configuration list for PBXProject "ImageDiff" */;
			compatibilityVersion = "Xcode 8.0";
			developmentRegion = en;
			hasScannedForEncodings = 0;
			knownRegions = (
				en,
			);
			mainGroup = 2F3A493C1F0F4929007592E4;
			productRefGroup = 2F3A49461F0F4929007592E4 /* Products */;
			projectDirPath = "";
			projectRoot = "";
			targets = (
				2F3A49441F0F4929007592E4 /* ImageDiff */,
			);
		};
/* End PBXProject section */

/* Begin PBXSourcesBuildPhase section */
		2F3A49411F0F4929007592E4 /* Sources */ = {
			isa = PBXSourcesBuildPhase;
			buildActionMask = 2147483647;
			files = (
				2F3A49501F0F4940007592E4 /* Kernels.metal in Sources */,
				2F3A49491F0F4929007592E4 /* main.swift in Sources */,
				2FB1CD601F20FB590016D899 /* CoreImageDiffer.swift in Sources */,
				2FB1CD5E1F20FA960016D899 /* Utils.swift in Sources */,
				2FB1CD581F20F7110016D899 /* MetalDiffer.swift in Sources */,
				2FB1CD5C1F20F9E20016D899 /* SoftwareDiffer.swift in Sources */,
				2FB1CD5A1F20F75C0016D899 /* Differ.swift in Sources */,
				2FE4D9211F22C90F003037B9 /* CoreImageKernels.metal in Sources */,
			);
			runOnlyForDeploymentPostprocessing = 0;
		};
/* End PBXSourcesBuildPhase section */

/* Begin XCBuildConfiguration section */
		2F3A494A1F0F4929007592E4 /* Debug */ = {
			isa = XCBuildConfiguration;
			buildSettings = {
				ALWAYS_SEARCH_USER_PATHS = NO;
				CLANG_ANALYZER_NONNULL = YES;
				CLANG_ANALYZER_NUMBER_OBJECT_CONVERSION = YES_AGGRESSIVE;
				CLANG_CXX_LANGUAGE_STANDARD = "gnu++14";
				CLANG_CXX_LIBRARY = "libc++";
				CLANG_ENABLE_MODULES = YES;
				CLANG_ENABLE_OBJC_ARC = YES;
				CLANG_WARN_BLOCK_CAPTURE_AUTORELEASING = YES;
				CLANG_WARN_BOOL_CONVERSION = YES;
				CLANG_WARN_COMMA = YES;
				CLANG_WARN_CONSTANT_CONVERSION = YES;
				CLANG_WARN_DIRECT_OBJC_ISA_USAGE = YES_ERROR;
				CLANG_WARN_DOCUMENTATION_COMMENTS = YES;
				CLANG_WARN_EMPTY_BODY = YES;
				CLANG_WARN_ENUM_CONVERSION = YES;
				CLANG_WARN_INFINITE_RECURSION = YES;
				CLANG_WARN_INT_CONVERSION = YES;
				CLANG_WARN_OBJC_ROOT_CLASS = YES_ERROR;
				CLANG_WARN_RANGE_LOOP_ANALYSIS = YES;
				CLANG_WARN_STRICT_PROTOTYPES = YES;
				CLANG_WARN_SUSPICIOUS_MOVE = YES;
				CLANG_WARN_UNGUARDED_AVAILABILITY = YES_AGGRESSIVE;
				CLANG_WARN_UNREACHABLE_CODE = YES;
				CLANG_WARN__DUPLICATE_METHOD_MATCH = YES;
				CODE_SIGN_IDENTITY = "-";
				COPY_PHASE_STRIP = NO;
				DEBUG_INFORMATION_FORMAT = dwarf;
				ENABLE_STRICT_OBJC_MSGSEND = YES;
				ENABLE_TESTABILITY = YES;
				GCC_C_LANGUAGE_STANDARD = gnu11;
				GCC_DYNAMIC_NO_PIC = NO;
				GCC_NO_COMMON_BLOCKS = YES;
				GCC_OPTIMIZATION_LEVEL = 0;
				GCC_PREPROCESSOR_DEFINITIONS = (
					"DEBUG=1",
					"$(inherited)",
				);
				GCC_WARN_64_TO_32_BIT_CONVERSION = YES;
				GCC_WARN_ABOUT_RETURN_TYPE = YES_ERROR;
				GCC_WARN_UNDECLARED_SELECTOR = YES;
				GCC_WARN_UNINITIALIZED_AUTOS = YES_AGGRESSIVE;
				GCC_WARN_UNUSED_FUNCTION = YES;
				GCC_WARN_UNUSED_VARIABLE = YES;
				MACOSX_DEPLOYMENT_TARGET = 10.12;
				MTL_ENABLE_DEBUG_INFO = YES;
				ONLY_ACTIVE_ARCH = YES;
				SDKROOT = macosx;
				SWIFT_ACTIVE_COMPILATION_CONDITIONS = DEBUG;
				SWIFT_OPTIMIZATION_LEVEL = "-Onone";
			};
			name = Debug;
		};
		2F3A494B1F0F4929007592E4 /* Release */ = {
			isa = XCBuildConfiguration;
			buildSettings = {
				ALWAYS_SEARCH_USER_PATHS = NO;
				CLANG_ANALYZER_NONNULL = YES;
				CLANG_ANALYZER_NUMBER_OBJECT_CONVERSION = YES_AGGRESSIVE;
				CLANG_CXX_LANGUAGE_STANDARD = "gnu++14";
				CLANG_CXX_LIBRARY = "libc++";
				CLANG_ENABLE_MODULES = YES;
				CLANG_ENABLE_OBJC_ARC = YES;
				CLANG_WARN_BLOCK_CAPTURE_AUTORELEASING = YES;
				CLANG_WARN_BOOL_CONVERSION = YES;
				CLANG_WARN_COMMA = YES;
				CLANG_WARN_CONSTANT_CONVERSION = YES;
				CLANG_WARN_DIRECT_OBJC_ISA_USAGE = YES_ERROR;
				CLANG_WARN_DOCUMENTATION_COMMENTS = YES;
				CLANG_WARN_EMPTY_BODY = YES;
				CLANG_WARN_ENUM_CONVERSION = YES;
				CLANG_WARN_INFINITE_RECURSION = YES;
				CLANG_WARN_INT_CONVERSION = YES;
				CLANG_WARN_OBJC_ROOT_CLASS = YES_ERROR;
				CLANG_WARN_RANGE_LOOP_ANALYSIS = YES;
				CLANG_WARN_STRICT_PROTOTYPES = YES;
				CLANG_WARN_SUSPICIOUS_MOVE = YES;
				CLANG_WARN_UNGUARDED_AVAILABILITY = YES_AGGRESSIVE;
				CLANG_WARN_UNREACHABLE_CODE = YES;
				CLANG_WARN__DUPLICATE_METHOD_MATCH = YES;
				CODE_SIGN_IDENTITY = "-";
				COPY_PHASE_STRIP = NO;
				DEBUG_INFORMATION_FORMAT = "dwarf-with-dsym";
				ENABLE_NS_ASSERTIONS = NO;
				ENABLE_STRICT_OBJC_MSGSEND = YES;
				GCC_C_LANGUAGE_STANDARD = gnu11;
				GCC_NO_COMMON_BLOCKS = YES;
				GCC_WARN_64_TO_32_BIT_CONVERSION = YES;
				GCC_WARN_ABOUT_RETURN_TYPE = YES_ERROR;
				GCC_WARN_UNDECLARED_SELECTOR = YES;
				GCC_WARN_UNINITIALIZED_AUTOS = YES_AGGRESSIVE;
				GCC_WARN_UNUSED_FUNCTION = YES;
				GCC_WARN_UNUSED_VARIABLE = YES;
				MACOSX_DEPLOYMENT_TARGET = 10.12;
				MTL_ENABLE_DEBUG_INFO = NO;
				SDKROOT = macosx;
				SWIFT_OPTIMIZATION_LEVEL = "-Owholemodule";
			};
			name = Release;
		};
		2F3A494D1F0F4929007592E4 /* Debug */ = {
			isa = XCBuildConfiguration;
			buildSettings = {
				MTLLINKER_FLAGS = "-cikernel";
				MTL_COMPILER_FLAGS = "-fcikernel";
				MTL_HEADER_SEARCH_PATHS = "";
				PRODUCT_NAME = "$(TARGET_NAME)";
				SWIFT_VERSION = 4.0;
			};
			name = Debug;
		};
		2F3A494E1F0F4929007592E4 /* Release */ = {
			isa = XCBuildConfiguration;
			buildSettings = {
				MTLLINKER_FLAGS = "-cikernel";
				MTL_COMPILER_FLAGS = "-fcikernel";
				MTL_HEADER_SEARCH_PATHS = "";
				PRODUCT_NAME = "$(TARGET_NAME)";
				SWIFT_VERSION = 4.0;
			};
			name = Release;
		};
/* End XCBuildConfiguration section */

/* Begin XCConfigurationList section */
		2F3A49401F0F4929007592E4 /* Build configuration list for PBXProject "ImageDiff" */ = {
			isa = XCConfigurationList;
			buildConfigurations = (
				2F3A494A1F0F4929007592E4 /* Debug */,
				2F3A494B1F0F4929007592E4 /* Release */,
			);
			defaultConfigurationIsVisible = 0;
			defaultConfigurationName = Release;
		};
		2F3A494C1F0F4929007592E4 /* Build configuration list for PBXNativeTarget "ImageDiff" */ = {
			isa = XCConfigurationList;
			buildConfigurations = (
				2F3A494D1F0F4929007592E4 /* Debug */,
				2F3A494E1F0F4929007592E4 /* Release */,
			);
			defaultConfigurationIsVisible = 0;
			defaultConfigurationName = Release;
		};
/* End XCConfigurationList section */
	};
	rootObject = 2F3A493D1F0F4929007592E4 /* Project object */;
}
